# Copyright © 2026 Mindclade, LLC. All Rights Reserved.
# Mindclade Proprietary and Confidential.
# SPDX-License-Identifier: LicenseRef-Mindclade-Proprietary

---
apiVersion: mindclade.dev/v2
kind: MonorepoSourceLock
metadata:
  name: kubernetes-v0.2.0
spec:
  repository: mindclade/mindclade-internal-monorepo
  ref: v0.2.0
  resolution:
    status: resolved
    commitSha: 164f2998f9540243a0df769dc78c96677134c70a
    reason: protected-v0.2.0-tag-published-and-interface-byte-locked
  interfaceContract:
    path: infra/terraform/governance/module-interfaces.json
    sha256: 0a8261a2e9686d5dff954ea15bae537f9dd4140c415bf77019d2a665566b8b4a
  activation:
    allowed: true
    blocker: null
